
Microsoft Visual Studio Solution File, Format Version 12.00
# Visual Studio 15
VisualStudioVersion = 15.0.28307.572
MinimumVisualStudioVersion = 10.0.40219.1
Project("{8BC9CEB8-8B4A-11D0-8D11-00A0C91BC942}") = "MFCApplication1", "MFCApplication1\MFCApplication1.vcxproj", "{CF13BC22-32B4-4FA7-8E3C-B668A8FFD3E3}"
EndProject
Global
	GlobalSection(SolutionConfigurationPlatforms) = preSolution
		Debug|x64 = Debug|x64
		Debug|x86 = Debug|x86
		Release|x64 = Release|x64
		Release|x86 = Release|x86
	EndGlobalSection
	GlobalSection(ProjectConfigurationPlatforms) = postSolution
		{CF13BC22-32B4-4FA7-8E3C-B668A8FFD3E3}.Debug|x64.ActiveCfg = Debug|x64
		{CF13BC22-32B4-4FA7-8E3C-B668A8FFD3E3}.Debug|x64.Build.0 = Debug|x64
		{CF13BC22-32B4-4FA7-8E3C-B668A8FFD3E3}.Debug|x86.ActiveCfg = Debug|Win32
		{CF13BC22-32B4-4FA7-8E3C-B668A8FFD3E3}.Debug|x86.Build.0 = Debug|Win32
		{CF13BC22-32B4-4FA7-8E3C-B668A8FFD3E3}.Release|x64.ActiveCfg = Release|x64
		{CF13BC22-32B4-4FA7-8E3C-B668A8FFD3E3}.Release|x64.Build.0 = Release|x64
		{CF13BC22-32B4-4FA7-8E3C-B668A8FFD3E3}.Release|x86.ActiveCfg = Release|Win32
		{CF13BC22-32B4-4FA7-8E3C-B668A8FFD3E3}.Release|x86.Build.0 = Release|Win32
	EndGlobalSection
	GlobalSection(SolutionProperties) = preSolution
		HideSolutionNode = FALSE
	EndGlobalSection
	GlobalSection(ExtensibilityGlobals) = postSolution
		SolutionGuid = {EA470172-C458-4868-B6C3-F62A9D7DDCC7}
	EndGlobalSection
EndGlobal
